{
  "name": "msfssdk",
  "version": "0.1.0",
  "lockfileVersion": 1,
  "requires": true,
  "dependencies": {
    "@types/geodesy": {
      "version": "2.2.3",
      "resolved": "https://registry.npmjs.org/@types/geodesy/-/geodesy-2.2.3.tgz",
      "integrity": "sha512-zpgJ6W/PH8nQN5fyiynfRGLa7X9Fij8QuvBzZhN+/63+nrLaj6sLF7KbgKf55HBGryCuyuA8fEB8QUeAFCPWrg==",
      "dev": true
    },
    "@types/node": {
      "version": "17.0.21",
      "resolved": "https://registry.npmjs.org/@types/node/-/node-17.0.21.tgz",
      "integrity": "sha512-DBZCJbhII3r90XbQxI8Y9IjjiiOGlZ0Hr32omXIZvwwZ7p4DMMXGrKXVyPfuoBOri9XNtL0UK69jYIBIsRX3QQ==",
      "dev": true
    },
    "msfstypes": {
      "version": "file:../msfstypes",
      "dev": true
    },
    "typescript": {
      "version": "4.4.4",
      "resolved": "https://registry.npmjs.org/typescript/-/typescript-4.4.4.tgz",
      "integrity": "sha512-DqGhF5IKoBl8WNf8C1gu8q0xZSInh9j1kJJMqT3a94w1JzVaBU4EXOSMrz9yDqMT0xt3selp83fuFMQ0uzv6qA==",
      "dev": true
    }
  }
}
